
Microsoft Visual Studio Solution File, Format Version 12.00
# Visual Studio Version 17
VisualStudioVersion = 17.0.31903.59
MinimumVisualStudioVersion = 10.0.40219.1
Project("{FAE04EC0-301F-11D3-BF4B-00C04F79EFBC}") = "DigitalDownloads.Web", "DigitalDownloads.Web\DigitalDownloads.Web.csproj", "{A91578CD-A755-4EA2-B367-A5DD6595371B}"
EndProject
Project("{FAE04EC0-301F-11D3-BF4B-00C04F79EFBC}") = "DigitalDownloads.Core", "DigitalDownloads.Core\DigitalDownloads.Core.csproj", "{F29F6FA2-9EB7-4823-B279-99F096E7F021}"
EndProject
Global
	GlobalSection(SolutionConfigurationPlatforms) = preSolution
		Debug|Any CPU = Debug|Any CPU
		Debug|x64 = Debug|x64
		Debug|x86 = Debug|x86
		Release|Any CPU = Release|Any CPU
		Release|x64 = Release|x64
		Release|x86 = Release|x86
	EndGlobalSection
	GlobalSection(ProjectConfigurationPlatforms) = postSolution
		{A91578CD-A755-4EA2-B367-A5DD6595371B}.Debug|Any CPU.ActiveCfg = Debug|Any CPU
		{A91578CD-A755-4EA2-B367-A5DD6595371B}.Debug|Any CPU.Build.0 = Debug|Any CPU
		{A91578CD-A755-4EA2-B367-A5DD6595371B}.Debug|x64.ActiveCfg = Debug|Any CPU
		{A91578CD-A755-4EA2-B367-A5DD6595371B}.Debug|x64.Build.0 = Debug|Any CPU
		{A91578CD-A755-4EA2-B367-A5DD6595371B}.Debug|x86.ActiveCfg = Debug|Any CPU
		{A91578CD-A755-4EA2-B367-A5DD6595371B}.Debug|x86.Build.0 = Debug|Any CPU
		{A91578CD-A755-4EA2-B367-A5DD6595371B}.Release|Any CPU.ActiveCfg = Release|Any CPU
		{A91578CD-A755-4EA2-B367-A5DD6595371B}.Release|Any CPU.Build.0 = Release|Any CPU
		{A91578CD-A755-4EA2-B367-A5DD6595371B}.Release|x64.ActiveCfg = Release|Any CPU
		{A91578CD-A755-4EA2-B367-A5DD6595371B}.Release|x64.Build.0 = Release|Any CPU
		{A91578CD-A755-4EA2-B367-A5DD6595371B}.Release|x86.ActiveCfg = Release|Any CPU
		{A91578CD-A755-4EA2-B367-A5DD6595371B}.Release|x86.Build.0 = Release|Any CPU
		{F29F6FA2-9EB7-4823-B279-99F096E7F021}.Debug|Any CPU.ActiveCfg = Debug|Any CPU
		{F29F6FA2-9EB7-4823-B279-99F096E7F021}.Debug|Any CPU.Build.0 = Debug|Any CPU
		{F29F6FA2-9EB7-4823-B279-99F096E7F021}.Debug|x64.ActiveCfg = Debug|Any CPU
		{F29F6FA2-9EB7-4823-B279-99F096E7F021}.Debug|x64.Build.0 = Debug|Any CPU
		{F29F6FA2-9EB7-4823-B279-99F096E7F021}.Debug|x86.ActiveCfg = Debug|Any CPU
		{F29F6FA2-9EB7-4823-B279-99F096E7F021}.Debug|x86.Build.0 = Debug|Any CPU
		{F29F6FA2-9EB7-4823-B279-99F096E7F021}.Release|Any CPU.ActiveCfg = Release|Any CPU
		{F29F6FA2-9EB7-4823-B279-99F096E7F021}.Release|Any CPU.Build.0 = Release|Any CPU
		{F29F6FA2-9EB7-4823-B279-99F096E7F021}.Release|x64.ActiveCfg = Release|Any CPU
		{F29F6FA2-9EB7-4823-B279-99F096E7F021}.Release|x64.Build.0 = Release|Any CPU
		{F29F6FA2-9EB7-4823-B279-99F096E7F021}.Release|x86.ActiveCfg = Release|Any CPU
		{F29F6FA2-9EB7-4823-B279-99F096E7F021}.Release|x86.Build.0 = Release|Any CPU
	EndGlobalSection
	GlobalSection(SolutionProperties) = preSolution
		HideSolutionNode = FALSE
	EndGlobalSection
EndGlobal
